
Microsoft Visual Studio Solution File, Format Version 12.00
# Visual Studio Version 16
VisualStudioVersion = 16.0.30320.27
MinimumVisualStudioVersion = 10.0.40219.1
Project("{FAE04EC0-301F-11D3-BF4B-00C04F79EFBC}") = "Petshop", "Petshop.csproj", "{051F2720-B404-4A5A-8393-E0A8F6CD6F2F}"
EndProject
Global
	GlobalSection(SolutionConfigurationPlatforms) = preSolution
		Debug|Any CPU = Debug|Any CPU
		Release|Any CPU = Release|Any CPU
	EndGlobalSection
	GlobalSection(ProjectConfigurationPlatforms) = postSolution
		{051F2720-B404-4A5A-8393-E0A8F6CD6F2F}.Debug|Any CPU.ActiveCfg = Debug|Any CPU
		{051F2720-B404-4A5A-8393-E0A8F6CD6F2F}.Debug|Any CPU.Build.0 = Debug|Any CPU
		{051F2720-B404-4A5A-8393-E0A8F6CD6F2F}.Release|Any CPU.ActiveCfg = Release|Any CPU
		{051F2720-B404-4A5A-8393-E0A8F6CD6F2F}.Release|Any CPU.Build.0 = Release|Any CPU
	EndGlobalSection
	GlobalSection(SolutionProperties) = preSolution
		HideSolutionNode = FALSE
	EndGlobalSection
	GlobalSection(ExtensibilityGlobals) = postSolution
		SolutionGuid = {12840409-31C9-4C42-A0B0-81AF107A28FC}
	EndGlobalSection
EndGlobal
